
Microsoft Visual Studio Solution File, Format Version 12.00
# Visual Studio Version 16
VisualStudioVersion = 16.0.31624.102
MinimumVisualStudioVersion = 10.0.40219.1
Project("{9A19103F-16F7-4668-BE54-9A1E7A4F7556}") = "WinFormsExample", "WinFormsExample.csproj", "{1AB50284-7F08-471A-A619-C13CA4F47026}"
EndProject
Project("{9A19103F-16F7-4668-BE54-9A1E7A4F7556}") = "Model", "..\Model\Model.csproj", "{653B6AC1-2737-4336-B19F-E33B6336444D}"
EndProject
Project("{FAE04EC0-301F-11D3-BF4B-00C04F79EFBC}") = "hw1", "..\hw1\hw1.csproj", "{4FDAF794-5EE5-49AC-A18D-1E69A8219653}"
EndProject
Project("{FAE04EC0-301F-11D3-BF4B-00C04F79EFBC}") = "hw2", "..\hw2\hw2.csproj", "{95DB045F-7139-4D1F-952E-0759E5991B57}"
EndProject
Global
	GlobalSection(SolutionConfigurationPlatforms) = preSolution
		Debug|Any CPU = Debug|Any CPU
		Release|Any CPU = Release|Any CPU
	EndGlobalSection
	GlobalSection(ProjectConfigurationPlatforms) = postSolution
		{1AB50284-7F08-471A-A619-C13CA4F47026}.Debug|Any CPU.ActiveCfg = Debug|Any CPU
		{1AB50284-7F08-471A-A619-C13CA4F47026}.Debug|Any CPU.Build.0 = Debug|Any CPU
		{1AB50284-7F08-471A-A619-C13CA4F47026}.Release|Any CPU.ActiveCfg = Release|Any CPU
		{1AB50284-7F08-471A-A619-C13CA4F47026}.Release|Any CPU.Build.0 = Release|Any CPU
		{653B6AC1-2737-4336-B19F-E33B6336444D}.Debug|Any CPU.ActiveCfg = Debug|Any CPU
		{653B6AC1-2737-4336-B19F-E33B6336444D}.Debug|Any CPU.Build.0 = Debug|Any CPU
		{653B6AC1-2737-4336-B19F-E33B6336444D}.Release|Any CPU.ActiveCfg = Release|Any CPU
		{653B6AC1-2737-4336-B19F-E33B6336444D}.Release|Any CPU.Build.0 = Release|Any CPU
		{4FDAF794-5EE5-49AC-A18D-1E69A8219653}.Debug|Any CPU.ActiveCfg = Debug|Any CPU
		{4FDAF794-5EE5-49AC-A18D-1E69A8219653}.Debug|Any CPU.Build.0 = Debug|Any CPU
		{4FDAF794-5EE5-49AC-A18D-1E69A8219653}.Release|Any CPU.ActiveCfg = Release|Any CPU
		{4FDAF794-5EE5-49AC-A18D-1E69A8219653}.Release|Any CPU.Build.0 = Release|Any CPU
		{95DB045F-7139-4D1F-952E-0759E5991B57}.Debug|Any CPU.ActiveCfg = Debug|Any CPU
		{95DB045F-7139-4D1F-952E-0759E5991B57}.Debug|Any CPU.Build.0 = Debug|Any CPU
		{95DB045F-7139-4D1F-952E-0759E5991B57}.Release|Any CPU.ActiveCfg = Release|Any CPU
		{95DB045F-7139-4D1F-952E-0759E5991B57}.Release|Any CPU.Build.0 = Release|Any CPU
	EndGlobalSection
	GlobalSection(SolutionProperties) = preSolution
		HideSolutionNode = FALSE
	EndGlobalSection
	GlobalSection(ExtensibilityGlobals) = postSolution
		SolutionGuid = {68CBA316-0D37-4595-AAA5-F3C8025FF5FD}
	EndGlobalSection
EndGlobal
