
Microsoft Visual Studio Solution File, Format Version 12.00
# Visual Studio Version 16
VisualStudioVersion = 16.0.31702.278
MinimumVisualStudioVersion = 10.0.40219.1
Project("{FAE04EC0-301F-11D3-BF4B-00C04F79EFBC}") = "homeworks5", "homeworks5.csproj", "{7E967F2A-78A0-40E4-90F1-5382DC00863F}"
EndProject
Global
	GlobalSection(SolutionConfigurationPlatforms) = preSolution
		Debug|Any CPU = Debug|Any CPU
		Release|Any CPU = Release|Any CPU
	EndGlobalSection
	GlobalSection(ProjectConfigurationPlatforms) = postSolution
		{7E967F2A-78A0-40E4-90F1-5382DC00863F}.Debug|Any CPU.ActiveCfg = Debug|Any CPU
		{7E967F2A-78A0-40E4-90F1-5382DC00863F}.Debug|Any CPU.Build.0 = Debug|Any CPU
		{7E967F2A-78A0-40E4-90F1-5382DC00863F}.Release|Any CPU.ActiveCfg = Release|Any CPU
		{7E967F2A-78A0-40E4-90F1-5382DC00863F}.Release|Any CPU.Build.0 = Release|Any CPU
	EndGlobalSection
	GlobalSection(SolutionProperties) = preSolution
		HideSolutionNode = FALSE
	EndGlobalSection
	GlobalSection(ExtensibilityGlobals) = postSolution
		SolutionGuid = {F1E02EBE-AA93-4B37-8D9D-A9F7B2419F53}
	EndGlobalSection
EndGlobal
